// !$*UTF8*$!
{
	archiveVersion = 1;
	classes = {
	};
	objectVersion = 77;
	objects = {

/* Begin PBXContainerItemProxy section */
		F84028082D5C44F9000626C2 /* PBXContainerItemProxy */ = {
			isa = PBXContainerItemProxy;
			containerPortal = F84027ED2D5C44DF000626C2 /* Project object */;
			proxyType = 1;
			remoteGlobalIDString = F84027F42D5C44DF000626C2;
			remoteInfo = "VO2 Max Trainer";
		};
		F84028122D5C44F9000626C2 /* PBXContainerItemProxy */ = {
			isa = PBXContainerItemProxy;
			containerPortal = F84027ED2D5C44DF000626C2 /* Project object */;
			proxyType = 1;
			remoteGlobalIDString = F84027F42D5C44DF000626C2;
			remoteInfo = "VO2 Max Trainer";
		};
/* End PBXContainerItemProxy section */

/* Begin PBXFileReference section */
		F84027F52D5C44DF000626C2 /* VO2 Max Trainer.app */ = {isa = PBXFileReference; explicitFileType = wrapper.application; includeInIndex = 0; path = "VO2 Max Trainer.app"; sourceTree = BUILT_PRODUCTS_DIR; };
		F84028072D5C44F9000626C2 /* VO2 Max TrainerTests.xctest */ = {isa = PBXFileReference; explicitFileType = wrapper.cfbundle; includeInIndex = 0; path = "VO2 Max TrainerTests.xctest"; sourceTree = BUILT_PRODUCTS_DIR; };
		F84028112D5C44F9000626C2 /* VO2 Max TrainerUITests.xctest */ = {isa = PBXFileReference; explicitFileType = wrapper.cfbundle; includeInIndex = 0; path = "VO2 Max TrainerUITests.xctest"; sourceTree = BUILT_PRODUCTS_DIR; };
/* End PBXFileReference section */

/* Begin PBXFileSystemSynchronizedRootGroup section */
		F84027F72D5C44DF000626C2 /* VO2 Max Trainer */ = {
			isa = PBXFileSystemSynchronizedRootGroup;
			path = "VO2 Max Trainer";
			sourceTree = "<group>";
		};
		F840280A2D5C44F9000626C2 /* VO2 Max TrainerTests */ = {
			isa = PBXFileSystemSynchronizedRootGroup;
			path = "VO2 Max TrainerTests";
			sourceTree = "<group>";
		};
		F84028142D5C44F9000626C2 /* VO2 Max TrainerUITests */ = {
			isa = PBXFileSystemSynchronizedRootGroup;
			path = "VO2 Max TrainerUITests";
			sourceTree = "<group>";
		};
/* End PBXFileSystemSynchronizedRootGroup section */

/* Begin PBXFrameworksBuildPhase section */
		F84027F22D5C44DF000626C2 /* Frameworks */ = {
			isa = PBXFrameworksBuildPhase;
			buildActionMask = 2147483647;
			files = (
			);
			runOnlyForDeploymentPostprocessing = 0;
		};
		F84028042D5C44F9000626C2 /* Frameworks */ = {
			isa = PBXFrameworksBuildPhase;
			buildActionMask = 2147483647;
			files = (
			);
			runOnlyForDeploymentPostprocessing = 0;
		};
		F840280E2D5C44F9000626C2 /* Frameworks */ = {
			isa = PBXFrameworksBuildPhase;
			buildActionMask = 2147483647;
			files = (
			);
			runOnlyForDeploymentPostprocessing = 0;
		};
/* End PBXFrameworksBuildPhase section */

/* Begin PBXGroup section */
		F84027EC2D5C44DF000626C2 = {
			isa = PBXGroup;
			children = (
				F84027F72D5C44DF000626C2 /* VO2 Max Trainer */,
				F840280A2D5C44F9000626C2 /* VO2 Max TrainerTests */,
				F84028142D5C44F9000626C2 /* VO2 Max TrainerUITests */,
				F84027F62D5C44DF000626C2 /* Products */,
			);
			sourceTree = "<group>";
		};
		F84027F62D5C44DF000626C2 /* Products */ = {
			isa = PBXGroup;
			children = (
				F84027F52D5C44DF000626C2 /* VO2 Max Trainer.app */,
				F84028072D5C44F9000626C2 /* VO2 Max TrainerTests.xctest */,
				F84028112D5C44F9000626C2 /* VO2 Max TrainerUITests.xctest */,
			);
			name = Products;
			sourceTree = "<group>";
		};
/* End PBXGroup section */

/* Begin PBXNativeTarget section */
		F84027F42D5C44DF000626C2 /* VO2 Max Trainer */ = {
			isa = PBXNativeTarget;
			buildConfigurationList = F840281B2D5C44F9000626C2 /* Build configuration list for PBXNativeTarget "VO2 Max Trainer" */;
			buildPhases = (
				F84027F12D5C44DF000626C2 /* Sources */,
				F84027F22D5C44DF000626C2 /* Frameworks */,
				F84027F32D5C44DF000626C2 /* Resources */,
			);
			buildRules = (
			);
			dependencies = (
			);
			fileSystemSynchronizedGroups = (
				F84027F72D5C44DF000626C2 /* VO2 Max Trainer */,
			);
			name = "VO2 Max Trainer";
			packageProductDependencies = (
			);
			productName = "VO2 Max Trainer";
			productReference = F84027F52D5C44DF000626C2 /* VO2 Max Trainer.app */;
			productType = "com.apple.product-type.application";
		};
		F84028062D5C44F9000626C2 /* VO2 Max TrainerTests */ = {
			isa = PBXNativeTarget;
			buildConfigurationList = F840281E2D5C44F9000626C2 /* Build configuration list for PBXNativeTarget "VO2 Max TrainerTests" */;
			buildPhases = (
				F84028032D5C44F9000626C2 /* Sources */,
				F84028042D5C44F9000626C2 /* Frameworks */,
				F84028052D5C44F9000626C2 /* Resources */,
			);
			buildRules = (
			);
			dependencies = (
				F84028092D5C44F9000626C2 /* PBXTargetDependency */,
			);
			fileSystemSynchronizedGroups = (
				F840280A2D5C44F9000626C2 /* VO2 Max TrainerTests */,
			);
			name = "VO2 Max TrainerTests";
			packageProductDependencies = (
			);
			productName = "VO2 Max TrainerTests";
			productReference = F84028072D5C44F9000626C2 /* VO2 Max TrainerTests.xctest */;
			productType = "com.apple.product-type.bundle.unit-test";
		};
		F84028102D5C44F9000626C2 /* VO2 Max TrainerUITests */ = {
			isa = PBXNativeTarget;
			buildConfigurationList = F84028212D5C44F9000626C2 /* Build configuration list for PBXNativeTarget "VO2 Max TrainerUITests" */;
			buildPhases = (
				F840280D2D5C44F9000626C2 /* Sources */,
				F840280E2D5C44F9000626C2 /* Frameworks */,
				F840280F2D5C44F9000626C2 /* Resources */,
			);
			buildRules = (
			);
			dependencies = (
				F84028132D5C44F9000626C2 /* PBXTargetDependency */,
			);
			fileSystemSynchronizedGroups = (
				F84028142D5C44F9000626C2 /* VO2 Max TrainerUITests */,
			);
			name = "VO2 Max TrainerUITests";
			packageProductDependencies = (
			);
			productName = "VO2 Max TrainerUITests";
			productReference = F84028112D5C44F9000626C2 /* VO2 Max TrainerUITests.xctest */;
			productType = "com.apple.product-type.bundle.ui-testing";
		};
/* End PBXNativeTarget section */

/* Begin PBXProject section */
		F84027ED2D5C44DF000626C2 /* Project object */ = {
			isa = PBXProject;
			attributes = {
				BuildIndependentTargetsInParallel = 1;
				LastSwiftUpdateCheck = 1620;
				LastUpgradeCheck = 1620;
				TargetAttributes = {
					F84027F42D5C44DF000626C2 = {
						CreatedOnToolsVersion = 16.2;
					};
					F84028062D5C44F9000626C2 = {
						CreatedOnToolsVersion = 16.2;
						TestTargetID = F84027F42D5C44DF000626C2;
					};
					F84028102D5C44F9000626C2 = {
						CreatedOnToolsVersion = 16.2;
						TestTargetID = F84027F42D5C44DF000626C2;
					};
				};
			};
			buildConfigurationList = F84027F02D5C44DF000626C2 /* Build configuration list for PBXProject "VO2 Max Trainer" */;
			developmentRegion = en;
			hasScannedForEncodings = 0;
			knownRegions = (
				en,
				Base,
			);
			mainGroup = F84027EC2D5C44DF000626C2;
			minimizedProjectReferenceProxies = 1;
			preferredProjectObjectVersion = 77;
			productRefGroup = F84027F62D5C44DF000626C2 /* Products */;
			projectDirPath = "";
			projectRoot = "";
			targets = (
				F84027F42D5C44DF000626C2 /* VO2 Max Trainer */,
				F84028062D5C44F9000626C2 /* VO2 Max TrainerTests */,
				F84028102D5C44F9000626C2 /* VO2 Max TrainerUITests */,
			);
		};
/* End PBXProject section */

/* Begin PBXResourcesBuildPhase section */
		F84027F32D5C44DF000626C2 /* Resources */ = {
			isa = PBXResourcesBuildPhase;
			buildActionMask = 2147483647;
			files = (
			);
			runOnlyForDeploymentPostprocessing = 0;
		};
		F84028052D5C44F9000626C2 /* Resources */ = {
			isa = PBXResourcesBuildPhase;
			buildActionMask = 2147483647;
			files = (
			);
			runOnlyForDeploymentPostprocessing = 0;
		};
		F840280F2D5C44F9000626C2 /* Resources */ = {
			isa = PBXResourcesBuildPhase;
			buildActionMask = 2147483647;
			files = (
			);
			runOnlyForDeploymentPostprocessing = 0;
		};
/* End PBXResourcesBuildPhase section */

/* Begin PBXSourcesBuildPhase section */
		F84027F12D5C44DF000626C2 /* Sources */ = {
			isa = PBXSourcesBuildPhase;
			buildActionMask = 2147483647;
			files = (
			);
			runOnlyForDeploymentPostprocessing = 0;
		};
		F84028032D5C44F9000626C2 /* Sources */ = {
			isa = PBXSourcesBuildPhase;
			buildActionMask = 2147483647;
			files = (
			);
			runOnlyForDeploymentPostprocessing = 0;
		};
		F840280D2D5C44F9000626C2 /* Sources */ = {
			isa = PBXSourcesBuildPhase;
			buildActionMask = 2147483647;
			files = (
			);
			runOnlyForDeploymentPostprocessing = 0;
		};
/* End PBXSourcesBuildPhase section */

/* Begin PBXTargetDependency section */
		F84028092D5C44F9000626C2 /* PBXTargetDependency */ = {
			isa = PBXTargetDependency;
			target = F84027F42D5C44DF000626C2 /* VO2 Max Trainer */;
			targetProxy = F84028082D5C44F9000626C2 /* PBXContainerItemProxy */;
		};
		F84028132D5C44F9000626C2 /* PBXTargetDependency */ = {
			isa = PBXTargetDependency;
			target = F84027F42D5C44DF000626C2 /* VO2 Max Trainer */;
			targetProxy = F84028122D5C44F9000626C2 /* PBXContainerItemProxy */;
		};
/* End PBXTargetDependency section */

/* Begin XCBuildConfiguration section */
		F84028192D5C44F9000626C2 /* Debug */ = {
			isa = XCBuildConfiguration;
			buildSettings = {
				ALWAYS_SEARCH_USER_PATHS = NO;
				ASSETCATALOG_COMPILER_GENERATE_SWIFT_ASSET_SYMBOL_EXTENSIONS = YES;
				CLANG_ANALYZER_NONNULL = YES;
				CLANG_ANALYZER_NUMBER_OBJECT_CONVERSION = YES_AGGRESSIVE;
				CLANG_CXX_LANGUAGE_STANDARD = "gnu++20";
				CLANG_ENABLE_MODULES = YES;
				CLANG_ENABLE_OBJC_ARC = YES;
				CLANG_ENABLE_OBJC_WEAK = YES;
				CLANG_WARN_BLOCK_CAPTURE_AUTORELEASING = YES;
				CLANG_WARN_BOOL_CONVERSION = YES;
				CLANG_WARN_COMMA = YES;
				CLANG_WARN_CONSTANT_CONVERSION = YES;
				CLANG_WARN_DEPRECATED_OBJC_IMPLEMENTATIONS = YES;
				CLANG_WARN_DIRECT_OBJC_ISA_USAGE = YES_ERROR;
				CLANG_WARN_DOCUMENTATION_COMMENTS = YES;
				CLANG_WARN_EMPTY_BODY = YES;
				CLANG_WARN_ENUM_CONVERSION = YES;
				CLANG_WARN_INFINITE_RECURSION = YES;
				CLANG_WARN_INT_CONVERSION = YES;
				CLANG_WARN_NON_LITERAL_NULL_CONVERSION = YES;
				CLANG_WARN_OBJC_IMPLICIT_RETAIN_SELF = YES;
				CLANG_WARN_OBJC_LITERAL_CONVERSION = YES;
				CLANG_WARN_OBJC_ROOT_CLASS = YES_ERROR;
				CLANG_WARN_QUOTED_INCLUDE_IN_FRAMEWORK_HEADER = YES;
				CLANG_WARN_RANGE_LOOP_ANALYSIS = YES;
				CLANG_WARN_STRICT_PROTOTYPES = YES;
				CLANG_WARN_SUSPICIOUS_MOVE = YES;
				CLANG_WARN_UNGUARDED_AVAILABILITY = YES_AGGRESSIVE;
				CLANG_WARN_UNREACHABLE_CODE = YES;
				CLANG_WARN__DUPLICATE_METHOD_MATCH = YES;
				COPY_PHASE_STRIP = NO;
				DEBUG_INFORMATION_FORMAT = dwarf;
				ENABLE_STRICT_OBJC_MSGSEND = YES;
				ENABLE_TESTABILITY = YES;
				ENABLE_USER_SCRIPT_SANDBOXING = YES;
				GCC_C_LANGUAGE_STANDARD = gnu17;
				GCC_DYNAMIC_NO_PIC = NO;
				GCC_NO_COMMON_BLOCKS = YES;
				GCC_OPTIMIZATION_LEVEL = 0;
				GCC_PREPROCESSOR_DEFINITIONS = (
					"DEBUG=1",
					"$(inherited)",
				);
				GCC_WARN_64_TO_32_BIT_CONVERSION = YES;
				GCC_WARN_ABOUT_RETURN_TYPE = YES_ERROR;
				GCC_WARN_UNDECLARED_SELECTOR = YES;
				GCC_WARN_UNINITIALIZED_AUTOS = YES_AGGRESSIVE;
				GCC_WARN_UNUSED_FUNCTION = YES;
				GCC_WARN_UNUSED_VARIABLE = YES;
				IPHONEOS_DEPLOYMENT_TARGET = 18.2;
				LOCALIZATION_PREFERS_STRING_CATALOGS = YES;
				MTL_ENABLE_DEBUG_INFO = INCLUDE_SOURCE;
				MTL_FAST_MATH = YES;
				ONLY_ACTIVE_ARCH = YES;
				SDKROOT = iphoneos;
				SWIFT_ACTIVE_COMPILATION_CONDITIONS = "DEBUG $(inherited)";
				SWIFT_OPTIMIZATION_LEVEL = "-Onone";
			};
			name = Debug;
		};
		F840281A2D5C44F9000626C2 /* Release */ = {
			isa = XCBuildConfiguration;
			buildSettings = {
				ALWAYS_SEARCH_USER_PATHS = NO;
				ASSETCATALOG_COMPILER_GENERATE_SWIFT_ASSET_SYMBOL_EXTENSIONS = YES;
				CLANG_ANALYZER_NONNULL = YES;
				CLANG_ANALYZER_NUMBER_OBJECT_CONVERSION = YES_AGGRESSIVE;
				CLANG_CXX_LANGUAGE_STANDARD = "gnu++20";
				CLANG_ENABLE_MODULES = YES;
				CLANG_ENABLE_OBJC_ARC = YES;
				CLANG_ENABLE_OBJC_WEAK = YES;
				CLANG_WARN_BLOCK_CAPTURE_AUTORELEASING = YES;
				CLANG_WARN_BOOL_CONVERSION = YES;
				CLANG_WARN_COMMA = YES;
				CLANG_WARN_CONSTANT_CONVERSION = YES;
				CLANG_WARN_DEPRECATED_OBJC_IMPLEMENTATIONS = YES;
				CLANG_WARN_DIRECT_OBJC_ISA_USAGE = YES_ERROR;
				CLANG_WARN_DOCUMENTATION_COMMENTS = YES;
				CLANG_WARN_EMPTY_BODY = YES;
				CLANG_WARN_ENUM_CONVERSION = YES;
				CLANG_WARN_INFINITE_RECURSION = YES;
				CLANG_WARN_INT_CONVERSION = YES;
				CLANG_WARN_NON_LITERAL_NULL_CONVERSION = YES;
				CLANG_WARN_OBJC_IMPLICIT_RETAIN_SELF = YES;
				CLANG_WARN_OBJC_LITERAL_CONVERSION = YES;
				CLANG_WARN_OBJC_ROOT_CLASS = YES_ERROR;
				CLANG_WARN_QUOTED_INCLUDE_IN_FRAMEWORK_HEADER = YES;
				CLANG_WARN_RANGE_LOOP_ANALYSIS = YES;
				CLANG_WARN_STRICT_PROTOTYPES = YES;
				CLANG_WARN_SUSPICIOUS_MOVE = YES;
				CLANG_WARN_UNGUARDED_AVAILABILITY = YES_AGGRESSIVE;
				CLANG_WARN_UNREACHABLE_CODE = YES;
				CLANG_WARN__DUPLICATE_METHOD_MATCH = YES;
				COPY_PHASE_STRIP = NO;
				DEBUG_INFORMATION_FORMAT = "dwarf-with-dsym";
				ENABLE_NS_ASSERTIONS = NO;
				ENABLE_STRICT_OBJC_MSGSEND = YES;
				ENABLE_USER_SCRIPT_SANDBOXING = YES;
				GCC_C_LANGUAGE_STANDARD = gnu17;
				GCC_NO_COMMON_BLOCKS = YES;
				GCC_WARN_64_TO_32_BIT_CONVERSION = YES;
				GCC_WARN_ABOUT_RETURN_TYPE = YES_ERROR;
				GCC_WARN_UNDECLARED_SELECTOR = YES;
				GCC_WARN_UNINITIALIZED_AUTOS = YES_AGGRESSIVE;
				GCC_WARN_UNUSED_FUNCTION = YES;
				GCC_WARN_UNUSED_VARIABLE = YES;
				IPHONEOS_DEPLOYMENT_TARGET = 18.2;
				LOCALIZATION_PREFERS_STRING_CATALOGS = YES;
				MTL_ENABLE_DEBUG_INFO = NO;
				MTL_FAST_MATH = YES;
				SDKROOT = iphoneos;
				SWIFT_COMPILATION_MODE = wholemodule;
				VALIDATE_PRODUCT = YES;
			};
			name = Release;
		};
		F840281C2D5C44F9000626C2 /* Debug */ = {
			isa = XCBuildConfiguration;
			buildSettings = {
				ASSETCATALOG_COMPILER_APPICON_NAME = AppIcon;
				ASSETCATALOG_COMPILER_GLOBAL_ACCENT_COLOR_NAME = AccentColor;
				CODE_SIGN_STYLE = Automatic;
				CURRENT_PROJECT_VERSION = 1;
				DEVELOPMENT_ASSET_PATHS = "\"VO2 Max Trainer/Preview Content\"";
				DEVELOPMENT_TEAM = DDWWM75JBB;
				ENABLE_PREVIEWS = YES;
				GENERATE_INFOPLIST_FILE = YES;
				INFOPLIST_KEY_UIApplicationSceneManifest_Generation = YES;
				INFOPLIST_KEY_UIApplicationSupportsIndirectInputEvents = YES;
				INFOPLIST_KEY_UILaunchScreen_Generation = YES;
				INFOPLIST_KEY_UISupportedInterfaceOrientations_iPad = "UIInterfaceOrientationPortrait UIInterfaceOrientationPortraitUpsideDown UIInterfaceOrientationLandscapeLeft UIInterfaceOrientationLandscapeRight";
				INFOPLIST_KEY_UISupportedInterfaceOrientations_iPhone = "UIInterfaceOrientationPortrait UIInterfaceOrientationLandscapeLeft UIInterfaceOrientationLandscapeRight";
				LD_RUNPATH_SEARCH_PATHS = (
					"$(inherited)",
					"@executable_path/Frameworks",
				);
				MARKETING_VERSION = 1.0;
				PRODUCT_BUNDLE_IDENTIFIER = "Fitness.VO2-Max-Trainer";
				PRODUCT_NAME = "$(TARGET_NAME)";
				SWIFT_EMIT_LOC_STRINGS = YES;
				SWIFT_VERSION = 5.0;
				TARGETED_DEVICE_FAMILY = "1,2";
			};
			name = Debug;
		};
		F840281D2D5C44F9000626C2 /* Release */ = {
			isa = XCBuildConfiguration;
			buildSettings = {
				ASSETCATALOG_COMPILER_APPICON_NAME = AppIcon;
				ASSETCATALOG_COMPILER_GLOBAL_ACCENT_COLOR_NAME = AccentColor;
				CODE_SIGN_STYLE = Automatic;
				CURRENT_PROJECT_VERSION = 1;
				DEVELOPMENT_ASSET_PATHS = "\"VO2 Max Trainer/Preview Content\"";
				DEVELOPMENT_TEAM = DDWWM75JBB;
				ENABLE_PREVIEWS = YES;
				GENERATE_INFOPLIST_FILE = YES;
				INFOPLIST_KEY_UIApplicationSceneManifest_Generation = YES;
				INFOPLIST_KEY_UIApplicationSupportsIndirectInputEvents = YES;
				INFOPLIST_KEY_UILaunchScreen_Generation = YES;
				INFOPLIST_KEY_UISupportedInterfaceOrientations_iPad = "UIInterfaceOrientationPortrait UIInterfaceOrientationPortraitUpsideDown UIInterfaceOrientationLandscapeLeft UIInterfaceOrientationLandscapeRight";
				INFOPLIST_KEY_UISupportedInterfaceOrientations_iPhone = "UIInterfaceOrientationPortrait UIInterfaceOrientationLandscapeLeft UIInterfaceOrientationLandscapeRight";
				LD_RUNPATH_SEARCH_PATHS = (
					"$(inherited)",
					"@executable_path/Frameworks",
				);
				MARKETING_VERSION = 1.0;
				PRODUCT_BUNDLE_IDENTIFIER = "Fitness.VO2-Max-Trainer";
				PRODUCT_NAME = "$(TARGET_NAME)";
				SWIFT_EMIT_LOC_STRINGS = YES;
				SWIFT_VERSION = 5.0;
				TARGETED_DEVICE_FAMILY = "1,2";
			};
			name = Release;
		};
		F840281F2D5C44F9000626C2 /* Debug */ = {
			isa = XCBuildConfiguration;
			buildSettings = {
				BUNDLE_LOADER = "$(TEST_HOST)";
				CODE_SIGN_STYLE = Automatic;
				CURRENT_PROJECT_VERSION = 1;
				GENERATE_INFOPLIST_FILE = YES;
				IPHONEOS_DEPLOYMENT_TARGET = 18.2;
				MARKETING_VERSION = 1.0;
				PRODUCT_BUNDLE_IDENTIFIER = "Fitness.VO2-Max-TrainerTests";
				PRODUCT_NAME = "$(TARGET_NAME)";
				SWIFT_EMIT_LOC_STRINGS = NO;
				SWIFT_VERSION = 5.0;
				TARGETED_DEVICE_FAMILY = "1,2";
				TEST_HOST = "$(BUILT_PRODUCTS_DIR)/VO2 Max Trainer.app/$(BUNDLE_EXECUTABLE_FOLDER_PATH)/VO2 Max Trainer";
			};
			name = Debug;
		};
		F84028202D5C44F9000626C2 /* Release */ = {
			isa = XCBuildConfiguration;
			buildSettings = {
				BUNDLE_LOADER = "$(TEST_HOST)";
				CODE_SIGN_STYLE = Automatic;
				CURRENT_PROJECT_VERSION = 1;
				GENERATE_INFOPLIST_FILE = YES;
				IPHONEOS_DEPLOYMENT_TARGET = 18.2;
				MARKETING_VERSION = 1.0;
				PRODUCT_BUNDLE_IDENTIFIER = "Fitness.VO2-Max-TrainerTests";
				PRODUCT_NAME = "$(TARGET_NAME)";
				SWIFT_EMIT_LOC_STRINGS = NO;
				SWIFT_VERSION = 5.0;
				TARGETED_DEVICE_FAMILY = "1,2";
				TEST_HOST = "$(BUILT_PRODUCTS_DIR)/VO2 Max Trainer.app/$(BUNDLE_EXECUTABLE_FOLDER_PATH)/VO2 Max Trainer";
			};
			name = Release;
		};
		F84028222D5C44F9000626C2 /* Debug */ = {
			isa = XCBuildConfiguration;
			buildSettings = {
				CODE_SIGN_STYLE = Automatic;
				CURRENT_PROJECT_VERSION = 1;
				GENERATE_INFOPLIST_FILE = YES;
				MARKETING_VERSION = 1.0;
				PRODUCT_BUNDLE_IDENTIFIER = "Fitness.VO2-Max-TrainerUITests";
				PRODUCT_NAME = "$(TARGET_NAME)";
				SWIFT_EMIT_LOC_STRINGS = NO;
				SWIFT_VERSION = 5.0;
				TARGETED_DEVICE_FAMILY = "1,2";
				TEST_TARGET_NAME = "VO2 Max Trainer";
			};
			name = Debug;
		};
		F84028232D5C44F9000626C2 /* Release */ = {
			isa = XCBuildConfiguration;
			buildSettings = {
				CODE_SIGN_STYLE = Automatic;
				CURRENT_PROJECT_VERSION = 1;
				GENERATE_INFOPLIST_FILE = YES;
				MARKETING_VERSION = 1.0;
				PRODUCT_BUNDLE_IDENTIFIER = "Fitness.VO2-Max-TrainerUITests";
				PRODUCT_NAME = "$(TARGET_NAME)";
				SWIFT_EMIT_LOC_STRINGS = NO;
				SWIFT_VERSION = 5.0;
				TARGETED_DEVICE_FAMILY = "1,2";
				TEST_TARGET_NAME = "VO2 Max Trainer";
			};
			name = Release;
		};
/* End XCBuildConfiguration section */

/* Begin XCConfigurationList section */
		F84027F02D5C44DF000626C2 /* Build configuration list for PBXProject "VO2 Max Trainer" */ = {
			isa = XCConfigurationList;
			buildConfigurations = (
				F84028192D5C44F9000626C2 /* Debug */,
				F840281A2D5C44F9000626C2 /* Release */,
			);
			defaultConfigurationIsVisible = 0;
			defaultConfigurationName = Release;
		};
		F840281B2D5C44F9000626C2 /* Build configuration list for PBXNativeTarget "VO2 Max Trainer" */ = {
			isa = XCConfigurationList;
			buildConfigurations = (
				F840281C2D5C44F9000626C2 /* Debug */,
				F840281D2D5C44F9000626C2 /* Release */,
			);
			defaultConfigurationIsVisible = 0;
			defaultConfigurationName = Release;
		};
		F840281E2D5C44F9000626C2 /* Build configuration list for PBXNativeTarget "VO2 Max TrainerTests" */ = {
			isa = XCConfigurationList;
			buildConfigurations = (
				F840281F2D5C44F9000626C2 /* Debug */,
				F84028202D5C44F9000626C2 /* Release */,
			);
			defaultConfigurationIsVisible = 0;
			defaultConfigurationName = Release;
		};
		F84028212D5C44F9000626C2 /* Build configuration list for PBXNativeTarget "VO2 Max TrainerUITests" */ = {
			isa = XCConfigurationList;
			buildConfigurations = (
				F84028222D5C44F9000626C2 /* Debug */,
				F84028232D5C44F9000626C2 /* Release */,
			);
			defaultConfigurationIsVisible = 0;
			defaultConfigurationName = Release;
		};
/* End XCConfigurationList section */
	};
	rootObject = F84027ED2D5C44DF000626C2 /* Project object */;
}
